{
    "_readme": [
        "This file locks the dependencies of your project to a known state",
        "Read more about it at https://getcomposer.org/doc/01-basic-usage.md#composer-lock-the-lock-file",
        "This file is @generated automatically"
    ],
    "content-hash": "0836381077d5764fc16b72ef4b8173d2",
    "packages": [
        {
            "name": "donquixote/cellbrush",
            "version": "v1.0.5",
            "source": {
                "type": "git",
                "url": "https://github.com/donquixote/cellbrush.git",
                "reference": "09c70b421828624756e56591de41d5e86030f50e"
            },
            "dist": {
                "type": "zip",
                "url": "https://api.github.com/repos/donquixote/cellbrush/zipball/09c70b421828624756e56591de41d5e86030f50e",
                "reference": "09c70b421828624756e56591de41d5e86030f50e",
                "shasum": ""
            },
            "type": "library",
            "autoload": {
                "psr-4": {
                    "Donquixote\\Cellbrush\\": "src/"
                }
            },
            "notification-url": "https://packagist.org/downloads/",
            "license": [
                "MIT"
            ],
            "authors": [
                {
                    "name": "Andreas Hennings",
                    "email": "andreas@dqxtech.net"
                }
            ],
            "description": "Library to generate HTML tables.",
            "homepage": "http://github.com/donquixote/cellbrush",
            "time": "2016-05-18T16:51:39+00:00"
        }
    ],
    "packages-dev": [],
    "aliases": [],
    "minimum-stability": "stable",
    "stability-flags": [],
    "prefer-stable": false,
    "prefer-lowest": false,
    "platform": [],
    "platform-dev": []
}
